// !$*UTF8*$!
{
	archiveVersion = 1;
	classes = {
	};
	objectVersion = 46;
	objects = {

/* Begin PBXBuildFile section */
		BB4721001E24AD88002AF7D7 /* AppDelegate.swift in Sources */ = {isa = PBXBuildFile; fileRef = BB4720FF1E24AD88002AF7D7 /* AppDelegate.swift */; };
		BB4721021E24AD88002AF7D7 /* MapViewController.swift in Sources */ = {isa = PBXBuildFile; fileRef = BB4721011E24AD88002AF7D7 /* MapViewController.swift */; };
		BB4721051E24AD88002AF7D7 /* Main.storyboard in Resources */ = {isa = PBXBuildFile; fileRef = BB4721031E24AD88002AF7D7 /* Main.storyboard */; };
		BB4721071E24AD88002AF7D7 /* Assets.xcassets in Resources */ = {isa = PBXBuildFile; fileRef = BB4721061E24AD88002AF7D7 /* Assets.xcassets */; };
		BB47210A1E24AD88002AF7D7 /* LaunchScreen.storyboard in Resources */ = {isa = PBXBuildFile; fileRef = BB4721081E24AD88002AF7D7 /* LaunchScreen.storyboard */; };
		BB4721151E24AD88002AF7D7 /* VirtualTouristerTests.swift in Sources */ = {isa = PBXBuildFile; fileRef = BB4721141E24AD88002AF7D7 /* VirtualTouristerTests.swift */; };
		BB4721201E24AD88002AF7D7 /* VirtualTouristerUITests.swift in Sources */ = {isa = PBXBuildFile; fileRef = BB47211F1E24AD88002AF7D7 /* VirtualTouristerUITests.swift */; };
		BB47212F1E24B159002AF7D7 /* Model.xcdatamodeld in Sources */ = {isa = PBXBuildFile; fileRef = BB47212D1E24B159002AF7D7 /* Model.xcdatamodeld */; };
		BB4721311E24B2B2002AF7D7 /* PhotosViewController.swift in Sources */ = {isa = PBXBuildFile; fileRef = BB4721301E24B2B2002AF7D7 /* PhotosViewController.swift */; };
		BB4721331E24B5DB002AF7D7 /* CoreDataStack.swift in Sources */ = {isa = PBXBuildFile; fileRef = BB4721321E24B5DB002AF7D7 /* CoreDataStack.swift */; };
		BB4721401E24B62D002AF7D7 /* Photo+CoreDataClass.swift in Sources */ = {isa = PBXBuildFile; fileRef = BB47213C1E24B62D002AF7D7 /* Photo+CoreDataClass.swift */; };
		BB4721411E24B62D002AF7D7 /* Photo+CoreDataProperties.swift in Sources */ = {isa = PBXBuildFile; fileRef = BB47213D1E24B62D002AF7D7 /* Photo+CoreDataProperties.swift */; };
		BB4721421E24B62D002AF7D7 /* LocationPin+CoreDataClass.swift in Sources */ = {isa = PBXBuildFile; fileRef = BB47213E1E24B62D002AF7D7 /* LocationPin+CoreDataClass.swift */; };
		BB4721431E24B62D002AF7D7 /* LocationPin+CoreDataProperties.swift in Sources */ = {isa = PBXBuildFile; fileRef = BB47213F1E24B62D002AF7D7 /* LocationPin+CoreDataProperties.swift */; };
		BB4721451E24BCB3002AF7D7 /* CoreDataHelper.swift in Sources */ = {isa = PBXBuildFile; fileRef = BB4721441E24BCB3002AF7D7 /* CoreDataHelper.swift */; };
		BB4721471E24CB11002AF7D7 /* Navigation.swift in Sources */ = {isa = PBXBuildFile; fileRef = BB4721461E24CB11002AF7D7 /* Navigation.swift */; };
		BB4721491E24CD35002AF7D7 /* PhotosCollectionViewCell.swift in Sources */ = {isa = PBXBuildFile; fileRef = BB4721481E24CD35002AF7D7 /* PhotosCollectionViewCell.swift */; };
/* End PBXBuildFile section */

/* Begin PBXContainerItemProxy section */
		BB4721111E24AD88002AF7D7 /* PBXContainerItemProxy */ = {
			isa = PBXContainerItemProxy;
			containerPortal = BB4720F41E24AD88002AF7D7 /* Project object */;
			proxyType = 1;
			remoteGlobalIDString = BB4720FB1E24AD88002AF7D7;
			remoteInfo = VirtualTourister;
		};
		BB47211C1E24AD88002AF7D7 /* PBXContainerItemProxy */ = {
			isa = PBXContainerItemProxy;
			containerPortal = BB4720F41E24AD88002AF7D7 /* Project object */;
			proxyType = 1;
			remoteGlobalIDString = BB4720FB1E24AD88002AF7D7;
			remoteInfo = VirtualTourister;
		};
/* End PBXContainerItemProxy section */

/* Begin PBXFileReference section */
		BB4720FC1E24AD88002AF7D7 /* VirtualTourister.app */ = {isa = PBXFileReference; explicitFileType = wrapper.application; includeInIndex = 0; path = VirtualTourister.app; sourceTree = BUILT_PRODUCTS_DIR; };
		BB4720FF1E24AD88002AF7D7 /* AppDelegate.swift */ = {isa = PBXFileReference; lastKnownFileType = sourcecode.swift; path = AppDelegate.swift; sourceTree = "<group>"; };
		BB4721011E24AD88002AF7D7 /* MapViewController.swift */ = {isa = PBXFileReference; lastKnownFileType = sourcecode.swift; path = MapViewController.swift; sourceTree = "<group>"; };
		BB4721041E24AD88002AF7D7 /* Base */ = {isa = PBXFileReference; lastKnownFileType = file.storyboard; name = Base; path = Base.lproj/Main.storyboard; sourceTree = "<group>"; };
		BB4721061E24AD88002AF7D7 /* Assets.xcassets */ = {isa = PBXFileReference; lastKnownFileType = folder.assetcatalog; path = Assets.xcassets; sourceTree = "<group>"; };
		BB4721091E24AD88002AF7D7 /* Base */ = {isa = PBXFileReference; lastKnownFileType = file.storyboard; name = Base; path = Base.lproj/LaunchScreen.storyboard; sourceTree = "<group>"; };
		BB47210B1E24AD88002AF7D7 /* Info.plist */ = {isa = PBXFileReference; lastKnownFileType = text.plist.xml; path = Info.plist; sourceTree = "<group>"; };
		BB4721101E24AD88002AF7D7 /* VirtualTouristerTests.xctest */ = {isa = PBXFileReference; explicitFileType = wrapper.cfbundle; includeInIndex = 0; path = VirtualTouristerTests.xctest; sourceTree = BUILT_PRODUCTS_DIR; };
		BB4721141E24AD88002AF7D7 /* VirtualTouristerTests.swift */ = {isa = PBXFileReference; lastKnownFileType = sourcecode.swift; path = VirtualTouristerTests.swift; sourceTree = "<group>"; };
		BB4721161E24AD88002AF7D7 /* Info.plist */ = {isa = PBXFileReference; lastKnownFileType = text.plist.xml; path = Info.plist; sourceTree = "<group>"; };
		BB47211B1E24AD88002AF7D7 /* VirtualTouristerUITests.xctest */ = {isa = PBXFileReference; explicitFileType = wrapper.cfbundle; includeInIndex = 0; path = VirtualTouristerUITests.xctest; sourceTree = BUILT_PRODUCTS_DIR; };
		BB47211F1E24AD88002AF7D7 /* VirtualTouristerUITests.swift */ = {isa = PBXFileReference; lastKnownFileType = sourcecode.swift; path = VirtualTouristerUITests.swift; sourceTree = "<group>"; };
		BB4721211E24AD88002AF7D7 /* Info.plist */ = {isa = PBXFileReference; lastKnownFileType = text.plist.xml; path = Info.plist; sourceTree = "<group>"; };
		BB47212E1E24B159002AF7D7 /* Model.xcdatamodel */ = {isa = PBXFileReference; lastKnownFileType = wrapper.xcdatamodel; path = Model.xcdatamodel; sourceTree = "<group>"; };
		BB4721301E24B2B2002AF7D7 /* PhotosViewController.swift */ = {isa = PBXFileReference; fileEncoding = 4; lastKnownFileType = sourcecode.swift; path = PhotosViewController.swift; sourceTree = "<group>"; };
		BB4721321E24B5DB002AF7D7 /* CoreDataStack.swift */ = {isa = PBXFileReference; fileEncoding = 4; lastKnownFileType = sourcecode.swift; path = CoreDataStack.swift; sourceTree = "<group>"; };
		BB47213C1E24B62D002AF7D7 /* Photo+CoreDataClass.swift */ = {isa = PBXFileReference; fileEncoding = 4; lastKnownFileType = sourcecode.swift; path = "Photo+CoreDataClass.swift"; sourceTree = "<group>"; };
		BB47213D1E24B62D002AF7D7 /* Photo+CoreDataProperties.swift */ = {isa = PBXFileReference; fileEncoding = 4; lastKnownFileType = sourcecode.swift; path = "Photo+CoreDataProperties.swift"; sourceTree = "<group>"; };
		BB47213E1E24B62D002AF7D7 /* LocationPin+CoreDataClass.swift */ = {isa = PBXFileReference; fileEncoding = 4; lastKnownFileType = sourcecode.swift; path = "LocationPin+CoreDataClass.swift"; sourceTree = "<group>"; };
		BB47213F1E24B62D002AF7D7 /* LocationPin+CoreDataProperties.swift */ = {isa = PBXFileReference; fileEncoding = 4; lastKnownFileType = sourcecode.swift; path = "LocationPin+CoreDataProperties.swift"; sourceTree = "<group>"; };
		BB4721441E24BCB3002AF7D7 /* CoreDataHelper.swift */ = {isa = PBXFileReference; fileEncoding = 4; lastKnownFileType = sourcecode.swift; path = CoreDataHelper.swift; sourceTree = "<group>"; };
		BB4721461E24CB11002AF7D7 /* Navigation.swift */ = {isa = PBXFileReference; fileEncoding = 4; lastKnownFileType = sourcecode.swift; path = Navigation.swift; sourceTree = "<group>"; };
		BB4721481E24CD35002AF7D7 /* PhotosCollectionViewCell.swift */ = {isa = PBXFileReference; fileEncoding = 4; lastKnownFileType = sourcecode.swift; path = PhotosCollectionViewCell.swift; sourceTree = "<group>"; };
		BB47214A1E2555B0002AF7D7 /* Model2.xcdatamodel */ = {isa = PBXFileReference; lastKnownFileType = wrapper.xcdatamodel; path = Model2.xcdatamodel; sourceTree = "<group>"; };
/* End PBXFileReference section */

/* Begin PBXFrameworksBuildPhase section */
		BB4720F91E24AD88002AF7D7 /* Frameworks */ = {
			isa = PBXFrameworksBuildPhase;
			buildActionMask = 2147483647;
			files = (
			);
			runOnlyForDeploymentPostprocessing = 0;
		};
		BB47210D1E24AD88002AF7D7 /* Frameworks */ = {
			isa = PBXFrameworksBuildPhase;
			buildActionMask = 2147483647;
			files = (
			);
			runOnlyForDeploymentPostprocessing = 0;
		};
		BB4721181E24AD88002AF7D7 /* Frameworks */ = {
			isa = PBXFrameworksBuildPhase;
			buildActionMask = 2147483647;
			files = (
			);
			runOnlyForDeploymentPostprocessing = 0;
		};
/* End PBXFrameworksBuildPhase section */

/* Begin PBXGroup section */
		BB4720F31E24AD88002AF7D7 = {
			isa = PBXGroup;
			children = (
				BB4720FE1E24AD88002AF7D7 /* VirtualTourister */,
				BB4721131E24AD88002AF7D7 /* VirtualTouristerTests */,
				BB47211E1E24AD88002AF7D7 /* VirtualTouristerUITests */,
				BB4720FD1E24AD88002AF7D7 /* Products */,
			);
			sourceTree = "<group>";
		};
		BB4720FD1E24AD88002AF7D7 /* Products */ = {
			isa = PBXGroup;
			children = (
				BB4720FC1E24AD88002AF7D7 /* VirtualTourister.app */,
				BB4721101E24AD88002AF7D7 /* VirtualTouristerTests.xctest */,
				BB47211B1E24AD88002AF7D7 /* VirtualTouristerUITests.xctest */,
			);
			name = Products;
			sourceTree = "<group>";
		};
		BB4720FE1E24AD88002AF7D7 /* VirtualTourister */ = {
			isa = PBXGroup;
			children = (
				BB47213C1E24B62D002AF7D7 /* Photo+CoreDataClass.swift */,
				BB47213D1E24B62D002AF7D7 /* Photo+CoreDataProperties.swift */,
				BB47213E1E24B62D002AF7D7 /* LocationPin+CoreDataClass.swift */,
				BB4721441E24BCB3002AF7D7 /* CoreDataHelper.swift */,
				BB47213F1E24B62D002AF7D7 /* LocationPin+CoreDataProperties.swift */,
				BB4720FF1E24AD88002AF7D7 /* AppDelegate.swift */,
				BB4721321E24B5DB002AF7D7 /* CoreDataStack.swift */,
				BB4721011E24AD88002AF7D7 /* MapViewController.swift */,
				BB4721461E24CB11002AF7D7 /* Navigation.swift */,
				BB4721031E24AD88002AF7D7 /* Main.storyboard */,
				BB4721301E24B2B2002AF7D7 /* PhotosViewController.swift */,
				BB4721481E24CD35002AF7D7 /* PhotosCollectionViewCell.swift */,
				BB47212D1E24B159002AF7D7 /* Model.xcdatamodeld */,
				BB4721061E24AD88002AF7D7 /* Assets.xcassets */,
				BB4721081E24AD88002AF7D7 /* LaunchScreen.storyboard */,
				BB47210B1E24AD88002AF7D7 /* Info.plist */,
			);
			path = VirtualTourister;
			sourceTree = "<group>";
		};
		BB4721131E24AD88002AF7D7 /* VirtualTouristerTests */ = {
			isa = PBXGroup;
			children = (
				BB4721141E24AD88002AF7D7 /* VirtualTouristerTests.swift */,
				BB4721161E24AD88002AF7D7 /* Info.plist */,
			);
			path = VirtualTouristerTests;
			sourceTree = "<group>";
		};
		BB47211E1E24AD88002AF7D7 /* VirtualTouristerUITests */ = {
			isa = PBXGroup;
			children = (
				BB47211F1E24AD88002AF7D7 /* VirtualTouristerUITests.swift */,
				BB4721211E24AD88002AF7D7 /* Info.plist */,
			);
			path = VirtualTouristerUITests;
			sourceTree = "<group>";
		};
/* End PBXGroup section */

/* Begin PBXNativeTarget section */
		BB4720FB1E24AD88002AF7D7 /* VirtualTourister */ = {
			isa = PBXNativeTarget;
			buildConfigurationList = BB4721241E24AD88002AF7D7 /* Build configuration list for PBXNativeTarget "VirtualTourister" */;
			buildPhases = (
				BB4720F81E24AD88002AF7D7 /* Sources */,
				BB4720F91E24AD88002AF7D7 /* Frameworks */,
				BB4720FA1E24AD88002AF7D7 /* Resources */,
			);
			buildRules = (
			);
			dependencies = (
			);
			name = VirtualTourister;
			productName = VirtualTourister;
			productReference = BB4720FC1E24AD88002AF7D7 /* VirtualTourister.app */;
			productType = "com.apple.product-type.application";
		};
		BB47210F1E24AD88002AF7D7 /* VirtualTouristerTests */ = {
			isa = PBXNativeTarget;
			buildConfigurationList = BB4721271E24AD88002AF7D7 /* Build configuration list for PBXNativeTarget "VirtualTouristerTests" */;
			buildPhases = (
				BB47210C1E24AD88002AF7D7 /* Sources */,
				BB47210D1E24AD88002AF7D7 /* Frameworks */,
				BB47210E1E24AD88002AF7D7 /* Resources */,
			);
			buildRules = (
			);
			dependencies = (
				BB4721121E24AD88002AF7D7 /* PBXTargetDependency */,
			);
			name = VirtualTouristerTests;
			productName = VirtualTouristerTests;
			productReference = BB4721101E24AD88002AF7D7 /* VirtualTouristerTests.xctest */;
			productType = "com.apple.product-type.bundle.unit-test";
		};
		BB47211A1E24AD88002AF7D7 /* VirtualTouristerUITests */ = {
			isa = PBXNativeTarget;
			buildConfigurationList = BB47212A1E24AD88002AF7D7 /* Build configuration list for PBXNativeTarget "VirtualTouristerUITests" */;
			buildPhases = (
				BB4721171E24AD88002AF7D7 /* Sources */,
				BB4721181E24AD88002AF7D7 /* Frameworks */,
				BB4721191E24AD88002AF7D7 /* Resources */,
			);
			buildRules = (
			);
			dependencies = (
				BB47211D1E24AD88002AF7D7 /* PBXTargetDependency */,
			);
			name = VirtualTouristerUITests;
			productName = VirtualTouristerUITests;
			productReference = BB47211B1E24AD88002AF7D7 /* VirtualTouristerUITests.xctest */;
			productType = "com.apple.product-type.bundle.ui-testing";
		};
/* End PBXNativeTarget section */

/* Begin PBXProject section */
		BB4720F41E24AD88002AF7D7 /* Project object */ = {
			isa = PBXProject;
			attributes = {
				LastSwiftUpdateCheck = 0820;
				LastUpgradeCheck = 0820;
				ORGANIZATIONNAME = MCreations;
				TargetAttributes = {
					BB4720FB1E24AD88002AF7D7 = {
						CreatedOnToolsVersion = 8.2.1;
						DevelopmentTeam = J5VXE76EPL;
						ProvisioningStyle = Automatic;
					};
					BB47210F1E24AD88002AF7D7 = {
						CreatedOnToolsVersion = 8.2.1;
						DevelopmentTeam = J5VXE76EPL;
						ProvisioningStyle = Automatic;
						TestTargetID = BB4720FB1E24AD88002AF7D7;
					};
					BB47211A1E24AD88002AF7D7 = {
						CreatedOnToolsVersion = 8.2.1;
						DevelopmentTeam = J5VXE76EPL;
						ProvisioningStyle = Automatic;
						TestTargetID = BB4720FB1E24AD88002AF7D7;
					};
				};
			};
			buildConfigurationList = BB4720F71E24AD88002AF7D7 /* Build configuration list for PBXProject "VirtualTourister" */;
			compatibilityVersion = "Xcode 3.2";
			developmentRegion = English;
			hasScannedForEncodings = 0;
			knownRegions = (
				en,
				Base,
			);
			mainGroup = BB4720F31E24AD88002AF7D7;
			productRefGroup = BB4720FD1E24AD88002AF7D7 /* Products */;
			projectDirPath = "";
			projectRoot = "";
			targets = (
				BB4720FB1E24AD88002AF7D7 /* VirtualTourister */,
				BB47210F1E24AD88002AF7D7 /* VirtualTouristerTests */,
				BB47211A1E24AD88002AF7D7 /* VirtualTouristerUITests */,
			);
		};
/* End PBXProject section */

/* Begin PBXResourcesBuildPhase section */
		BB4720FA1E24AD88002AF7D7 /* Resources */ = {
			isa = PBXResourcesBuildPhase;
			buildActionMask = 2147483647;
			files = (
				BB47210A1E24AD88002AF7D7 /* LaunchScreen.storyboard in Resources */,
				BB4721071E24AD88002AF7D7 /* Assets.xcassets in Resources */,
				BB4721051E24AD88002AF7D7 /* Main.storyboard in Resources */,
			);
			runOnlyForDeploymentPostprocessing = 0;
		};
		BB47210E1E24AD88002AF7D7 /* Resources */ = {
			isa = PBXResourcesBuildPhase;
			buildActionMask = 2147483647;
			files = (
			);
			runOnlyForDeploymentPostprocessing = 0;
		};
		BB4721191E24AD88002AF7D7 /* Resources */ = {
			isa = PBXResourcesBuildPhase;
			buildActionMask = 2147483647;
			files = (
			);
			runOnlyForDeploymentPostprocessing = 0;
		};
/* End PBXResourcesBuildPhase section */

/* Begin PBXSourcesBuildPhase section */
		BB4720F81E24AD88002AF7D7 /* Sources */ = {
			isa = PBXSourcesBuildPhase;
			buildActionMask = 2147483647;
			files = (
				BB4721451E24BCB3002AF7D7 /* CoreDataHelper.swift in Sources */,
				BB4721411E24B62D002AF7D7 /* Photo+CoreDataProperties.swift in Sources */,
				BB4721431E24B62D002AF7D7 /* LocationPin+CoreDataProperties.swift in Sources */,
				BB4721471E24CB11002AF7D7 /* Navigation.swift in Sources */,
				BB4721401E24B62D002AF7D7 /* Photo+CoreDataClass.swift in Sources */,
				BB4721491E24CD35002AF7D7 /* PhotosCollectionViewCell.swift in Sources */,
				BB4721331E24B5DB002AF7D7 /* CoreDataStack.swift in Sources */,
				BB4721021E24AD88002AF7D7 /* MapViewController.swift in Sources */,
				BB4721311E24B2B2002AF7D7 /* PhotosViewController.swift in Sources */,
				BB4721001E24AD88002AF7D7 /* AppDelegate.swift in Sources */,
				BB4721421E24B62D002AF7D7 /* LocationPin+CoreDataClass.swift in Sources */,
				BB47212F1E24B159002AF7D7 /* Model.xcdatamodeld in Sources */,
			);
			runOnlyForDeploymentPostprocessing = 0;
		};
		BB47210C1E24AD88002AF7D7 /* Sources */ = {
			isa = PBXSourcesBuildPhase;
			buildActionMask = 2147483647;
			files = (
				BB4721151E24AD88002AF7D7 /* VirtualTouristerTests.swift in Sources */,
			);
			runOnlyForDeploymentPostprocessing = 0;
		};
		BB4721171E24AD88002AF7D7 /* Sources */ = {
			isa = PBXSourcesBuildPhase;
			buildActionMask = 2147483647;
			files = (
				BB4721201E24AD88002AF7D7 /* VirtualTouristerUITests.swift in Sources */,
			);
			runOnlyForDeploymentPostprocessing = 0;
		};
/* End PBXSourcesBuildPhase section */

/* Begin PBXTargetDependency section */
		BB4721121E24AD88002AF7D7 /* PBXTargetDependency */ = {
			isa = PBXTargetDependency;
			target = BB4720FB1E24AD88002AF7D7 /* VirtualTourister */;
			targetProxy = BB4721111E24AD88002AF7D7 /* PBXContainerItemProxy */;
		};
		BB47211D1E24AD88002AF7D7 /* PBXTargetDependency */ = {
			isa = PBXTargetDependency;
			target = BB4720FB1E24AD88002AF7D7 /* VirtualTourister */;
			targetProxy = BB47211C1E24AD88002AF7D7 /* PBXContainerItemProxy */;
		};
/* End PBXTargetDependency section */

/* Begin PBXVariantGroup section */
		BB4721031E24AD88002AF7D7 /* Main.storyboard */ = {
			isa = PBXVariantGroup;
			children = (
				BB4721041E24AD88002AF7D7 /* Base */,
			);
			name = Main.storyboard;
			sourceTree = "<group>";
		};
		BB4721081E24AD88002AF7D7 /* LaunchScreen.storyboard */ = {
			isa = PBXVariantGroup;
			children = (
				BB4721091E24AD88002AF7D7 /* Base */,
			);
			name = LaunchScreen.storyboard;
			sourceTree = "<group>";
		};
/* End PBXVariantGroup section */

/* Begin XCBuildConfiguration section */
		BB4721221E24AD88002AF7D7 /* Debug */ = {
			isa = XCBuildConfiguration;
			buildSettings = {
				ALWAYS_SEARCH_USER_PATHS = NO;
				CLANG_ANALYZER_NONNULL = YES;
				CLANG_CXX_LANGUAGE_STANDARD = "gnu++0x";
				CLANG_CXX_LIBRARY = "libc++";
				CLANG_ENABLE_MODULES = YES;
				CLANG_ENABLE_OBJC_ARC = YES;
				CLANG_WARN_BOOL_CONVERSION = YES;
				CLANG_WARN_CONSTANT_CONVERSION = YES;
				CLANG_WARN_DIRECT_OBJC_ISA_USAGE = YES_ERROR;
				CLANG_WARN_DOCUMENTATION_COMMENTS = YES;
				CLANG_WARN_EMPTY_BODY = YES;
				CLANG_WARN_ENUM_CONVERSION = YES;
				CLANG_WARN_INFINITE_RECURSION = YES;
				CLANG_WARN_INT_CONVERSION = YES;
				CLANG_WARN_OBJC_ROOT_CLASS = YES_ERROR;
				CLANG_WARN_SUSPICIOUS_MOVE = YES;
				CLANG_WARN_UNREACHABLE_CODE = YES;
				CLANG_WARN__DUPLICATE_METHOD_MATCH = YES;
				"CODE_SIGN_IDENTITY[sdk=iphoneos*]" = "iPhone Developer";
				COPY_PHASE_STRIP = NO;
				DEBUG_INFORMATION_FORMAT = dwarf;
				ENABLE_STRICT_OBJC_MSGSEND = YES;
				ENABLE_TESTABILITY = YES;
				GCC_C_LANGUAGE_STANDARD = gnu99;
				GCC_DYNAMIC_NO_PIC = NO;
				GCC_NO_COMMON_BLOCKS = YES;
				GCC_OPTIMIZATION_LEVEL = 0;
				GCC_PREPROCESSOR_DEFINITIONS = (
					"DEBUG=1",
					"$(inherited)",
				);
				GCC_WARN_64_TO_32_BIT_CONVERSION = YES;
				GCC_WARN_ABOUT_RETURN_TYPE = YES_ERROR;
				GCC_WARN_UNDECLARED_SELECTOR = YES;
				GCC_WARN_UNINITIALIZED_AUTOS = YES_AGGRESSIVE;
				GCC_WARN_UNUSED_FUNCTION = YES;
				GCC_WARN_UNUSED_VARIABLE = YES;
				IPHONEOS_DEPLOYMENT_TARGET = 10.2;
				MTL_ENABLE_DEBUG_INFO = YES;
				ONLY_ACTIVE_ARCH = YES;
				SDKROOT = iphoneos;
				SWIFT_ACTIVE_COMPILATION_CONDITIONS = DEBUG;
				SWIFT_OPTIMIZATION_LEVEL = "-Onone";
				TARGETED_DEVICE_FAMILY = "1,2";
			};
			name = Debug;
		};
		BB4721231E24AD88002AF7D7 /* Release */ = {
			isa = XCBuildConfiguration;
			buildSettings = {
				ALWAYS_SEARCH_USER_PATHS = NO;
				CLANG_ANALYZER_NONNULL = YES;
				CLANG_CXX_LANGUAGE_STANDARD = "gnu++0x";
				CLANG_CXX_LIBRARY = "libc++";
				CLANG_ENABLE_MODULES = YES;
				CLANG_ENABLE_OBJC_ARC = YES;
				CLANG_WARN_BOOL_CONVERSION = YES;
				CLANG_WARN_CONSTANT_CONVERSION = YES;
				CLANG_WARN_DIRECT_OBJC_ISA_USAGE = YES_ERROR;
				CLANG_WARN_DOCUMENTATION_COMMENTS = YES;
				CLANG_WARN_EMPTY_BODY = YES;
				CLANG_WARN_ENUM_CONVERSION = YES;
				CLANG_WARN_INFINITE_RECURSION = YES;
				CLANG_WARN_INT_CONVERSION = YES;
				CLANG_WARN_OBJC_ROOT_CLASS = YES_ERROR;
				CLANG_WARN_SUSPICIOUS_MOVE = YES;
				CLANG_WARN_UNREACHABLE_CODE = YES;
				CLANG_WARN__DUPLICATE_METHOD_MATCH = YES;
				"CODE_SIGN_IDENTITY[sdk=iphoneos*]" = "iPhone Developer";
				COPY_PHASE_STRIP = NO;
				DEBUG_INFORMATION_FORMAT = "dwarf-with-dsym";
				ENABLE_NS_ASSERTIONS = NO;
				ENABLE_STRICT_OBJC_MSGSEND = YES;
				GCC_C_LANGUAGE_STANDARD = gnu99;
				GCC_NO_COMMON_BLOCKS = YES;
				GCC_WARN_64_TO_32_BIT_CONVERSION = YES;
				GCC_WARN_ABOUT_RETURN_TYPE = YES_ERROR;
				GCC_WARN_UNDECLARED_SELECTOR = YES;
				GCC_WARN_UNINITIALIZED_AUTOS = YES_AGGRESSIVE;
				GCC_WARN_UNUSED_FUNCTION = YES;
				GCC_WARN_UNUSED_VARIABLE = YES;
				IPHONEOS_DEPLOYMENT_TARGET = 10.2;
				MTL_ENABLE_DEBUG_INFO = NO;
				SDKROOT = iphoneos;
				SWIFT_OPTIMIZATION_LEVEL = "-Owholemodule";
				TARGETED_DEVICE_FAMILY = "1,2";
				VALIDATE_PRODUCT = YES;
			};
			name = Release;
		};
		BB4721251E24AD88002AF7D7 /* Debug */ = {
			isa = XCBuildConfiguration;
			buildSettings = {
				ASSETCATALOG_COMPILER_APPICON_NAME = AppIcon;
				DEVELOPMENT_TEAM = J5VXE76EPL;
				INFOPLIST_FILE = VirtualTourister/Info.plist;
				LD_RUNPATH_SEARCH_PATHS = "$(inherited) @executable_path/Frameworks";
				PRODUCT_BUNDLE_IDENTIFIER = MCreations.VirtualTourister;
				PRODUCT_NAME = "$(TARGET_NAME)";
				SWIFT_VERSION = 3.0;
			};
			name = Debug;
		};
		BB4721261E24AD88002AF7D7 /* Release */ = {
			isa = XCBuildConfiguration;
			buildSettings = {
				ASSETCATALOG_COMPILER_APPICON_NAME = AppIcon;
				DEVELOPMENT_TEAM = J5VXE76EPL;
				INFOPLIST_FILE = VirtualTourister/Info.plist;
				LD_RUNPATH_SEARCH_PATHS = "$(inherited) @executable_path/Frameworks";
				PRODUCT_BUNDLE_IDENTIFIER = MCreations.VirtualTourister;
				PRODUCT_NAME = "$(TARGET_NAME)";
				SWIFT_VERSION = 3.0;
			};
			name = Release;
		};
		BB4721281E24AD88002AF7D7 /* Debug */ = {
			isa = XCBuildConfiguration;
			buildSettings = {
				ALWAYS_EMBED_SWIFT_STANDARD_LIBRARIES = YES;
				BUNDLE_LOADER = "$(TEST_HOST)";
				DEVELOPMENT_TEAM = J5VXE76EPL;
				INFOPLIST_FILE = VirtualTouristerTests/Info.plist;
				LD_RUNPATH_SEARCH_PATHS = "$(inherited) @executable_path/Frameworks @loader_path/Frameworks";
				PRODUCT_BUNDLE_IDENTIFIER = MCreations.VirtualTouristerTests;
				PRODUCT_NAME = "$(TARGET_NAME)";
				SWIFT_VERSION = 3.0;
				TEST_HOST = "$(BUILT_PRODUCTS_DIR)/VirtualTourister.app/VirtualTourister";
			};
			name = Debug;
		};
		BB4721291E24AD88002AF7D7 /* Release */ = {
			isa = XCBuildConfiguration;
			buildSettings = {
				ALWAYS_EMBED_SWIFT_STANDARD_LIBRARIES = YES;
				BUNDLE_LOADER = "$(TEST_HOST)";
				DEVELOPMENT_TEAM = J5VXE76EPL;
				INFOPLIST_FILE = VirtualTouristerTests/Info.plist;
				LD_RUNPATH_SEARCH_PATHS = "$(inherited) @executable_path/Frameworks @loader_path/Frameworks";
				PRODUCT_BUNDLE_IDENTIFIER = MCreations.VirtualTouristerTests;
				PRODUCT_NAME = "$(TARGET_NAME)";
				SWIFT_VERSION = 3.0;
				TEST_HOST = "$(BUILT_PRODUCTS_DIR)/VirtualTourister.app/VirtualTourister";
			};
			name = Release;
		};
		BB47212B1E24AD88002AF7D7 /* Debug */ = {
			isa = XCBuildConfiguration;
			buildSettings = {
				ALWAYS_EMBED_SWIFT_STANDARD_LIBRARIES = YES;
				DEVELOPMENT_TEAM = J5VXE76EPL;
				INFOPLIST_FILE = VirtualTouristerUITests/Info.plist;
				LD_RUNPATH_SEARCH_PATHS = "$(inherited) @executable_path/Frameworks @loader_path/Frameworks";
				PRODUCT_BUNDLE_IDENTIFIER = MCreations.VirtualTouristerUITests;
				PRODUCT_NAME = "$(TARGET_NAME)";
				SWIFT_VERSION = 3.0;
				TEST_TARGET_NAME = VirtualTourister;
			};
			name = Debug;
		};
		BB47212C1E24AD88002AF7D7 /* Release */ = {
			isa = XCBuildConfiguration;
			buildSettings = {
				ALWAYS_EMBED_SWIFT_STANDARD_LIBRARIES = YES;
				DEVELOPMENT_TEAM = J5VXE76EPL;
				INFOPLIST_FILE = VirtualTouristerUITests/Info.plist;
				LD_RUNPATH_SEARCH_PATHS = "$(inherited) @executable_path/Frameworks @loader_path/Frameworks";
				PRODUCT_BUNDLE_IDENTIFIER = MCreations.VirtualTouristerUITests;
				PRODUCT_NAME = "$(TARGET_NAME)";
				SWIFT_VERSION = 3.0;
				TEST_TARGET_NAME = VirtualTourister;
			};
			name = Release;
		};
/* End XCBuildConfiguration section */

/* Begin XCConfigurationList section */
		BB4720F71E24AD88002AF7D7 /* Build configuration list for PBXProject "VirtualTourister" */ = {
			isa = XCConfigurationList;
			buildConfigurations = (
				BB4721221E24AD88002AF7D7 /* Debug */,
				BB4721231E24AD88002AF7D7 /* Release */,
			);
			defaultConfigurationIsVisible = 0;
			defaultConfigurationName = Release;
		};
		BB4721241E24AD88002AF7D7 /* Build configuration list for PBXNativeTarget "VirtualTourister" */ = {
			isa = XCConfigurationList;
			buildConfigurations = (
				BB4721251E24AD88002AF7D7 /* Debug */,
				BB4721261E24AD88002AF7D7 /* Release */,
			);
			defaultConfigurationIsVisible = 0;
		};
		BB4721271E24AD88002AF7D7 /* Build configuration list for PBXNativeTarget "VirtualTouristerTests" */ = {
			isa = XCConfigurationList;
			buildConfigurations = (
				BB4721281E24AD88002AF7D7 /* Debug */,
				BB4721291E24AD88002AF7D7 /* Release */,
			);
			defaultConfigurationIsVisible = 0;
		};
		BB47212A1E24AD88002AF7D7 /* Build configuration list for PBXNativeTarget "VirtualTouristerUITests" */ = {
			isa = XCConfigurationList;
			buildConfigurations = (
				BB47212B1E24AD88002AF7D7 /* Debug */,
				BB47212C1E24AD88002AF7D7 /* Release */,
			);
			defaultConfigurationIsVisible = 0;
		};
/* End XCConfigurationList section */

/* Begin XCVersionGroup section */
		BB47212D1E24B159002AF7D7 /* Model.xcdatamodeld */ = {
			isa = XCVersionGroup;
			children = (
				BB47214A1E2555B0002AF7D7 /* Model2.xcdatamodel */,
				BB47212E1E24B159002AF7D7 /* Model.xcdatamodel */,
			);
			currentVersion = BB47212E1E24B159002AF7D7 /* Model.xcdatamodel */;
			path = Model.xcdatamodeld;
			sourceTree = "<group>";
			versionGroupType = wrapper.xcdatamodel;
		};
/* End XCVersionGroup section */
	};
	rootObject = BB4720F41E24AD88002AF7D7 /* Project object */;
}
